
Microsoft Visual Studio Solution File, Format Version 12.00
# Visual Studio Version 17
VisualStudioVersion = 17.8.34322.80
MinimumVisualStudioVersion = 10.0.40219.1
Project("{9A19103F-16F7-4668-BE54-9A1E7A4F7556}") = "day1", "day1\day1.csproj", "{05092072-AE4A-4AE3-95AF-6399B98F0970}"
EndProject
Project("{FAE04EC0-301F-11D3-BF4B-00C04F79EFBC}") = "day2", "day2\day2.csproj", "{FA4F0551-A034-4EAF-8BD6-93754566AC3C}"
EndProject
Global
	GlobalSection(SolutionConfigurationPlatforms) = preSolution
		Debug|Any CPU = Debug|Any CPU
		Release|Any CPU = Release|Any CPU
	EndGlobalSection
	GlobalSection(ProjectConfigurationPlatforms) = postSolution
		{05092072-AE4A-4AE3-95AF-6399B98F0970}.Debug|Any CPU.ActiveCfg = Debug|Any CPU
		{05092072-AE4A-4AE3-95AF-6399B98F0970}.Debug|Any CPU.Build.0 = Debug|Any CPU
		{05092072-AE4A-4AE3-95AF-6399B98F0970}.Release|Any CPU.ActiveCfg = Release|Any CPU
		{05092072-AE4A-4AE3-95AF-6399B98F0970}.Release|Any CPU.Build.0 = Release|Any CPU
		{FA4F0551-A034-4EAF-8BD6-93754566AC3C}.Debug|Any CPU.ActiveCfg = Debug|Any CPU
		{FA4F0551-A034-4EAF-8BD6-93754566AC3C}.Debug|Any CPU.Build.0 = Debug|Any CPU
		{FA4F0551-A034-4EAF-8BD6-93754566AC3C}.Release|Any CPU.ActiveCfg = Release|Any CPU
		{FA4F0551-A034-4EAF-8BD6-93754566AC3C}.Release|Any CPU.Build.0 = Release|Any CPU
	EndGlobalSection
	GlobalSection(SolutionProperties) = preSolution
		HideSolutionNode = FALSE
	EndGlobalSection
	GlobalSection(ExtensibilityGlobals) = postSolution
		SolutionGuid = {33D9AB5B-D4AC-47BE-862D-B62E4546637F}
	EndGlobalSection
EndGlobal
